
Microsoft Visual Studio Solution File, Format Version 12.00
# Visual Studio Version 17
VisualStudioVersion = 17.8.34408.163
MinimumVisualStudioVersion = 10.0.40219.1
Project("{FAE04EC0-301F-11D3-BF4B-00C04F79EFBC}") = "Excel2Word", "Excel2Word.csproj", "{B63DCC2E-DAEA-4B77-AEAA-2B9C501DE0B7}"
EndProject
Global
	GlobalSection(SolutionConfigurationPlatforms) = preSolution
		Debug|Any CPU = Debug|Any CPU
		Release|Any CPU = Release|Any CPU
	EndGlobalSection
	GlobalSection(ProjectConfigurationPlatforms) = postSolution
		{B63DCC2E-DAEA-4B77-AEAA-2B9C501DE0B7}.Debug|Any CPU.ActiveCfg = Debug|Any CPU
		{B63DCC2E-DAEA-4B77-AEAA-2B9C501DE0B7}.Debug|Any CPU.Build.0 = Debug|Any CPU
		{B63DCC2E-DAEA-4B77-AEAA-2B9C501DE0B7}.Release|Any CPU.ActiveCfg = Release|Any CPU
		{B63DCC2E-DAEA-4B77-AEAA-2B9C501DE0B7}.Release|Any CPU.Build.0 = Release|Any CPU
	EndGlobalSection
	GlobalSection(SolutionProperties) = preSolution
		HideSolutionNode = FALSE
	EndGlobalSection
	GlobalSection(ExtensibilityGlobals) = postSolution
		SolutionGuid = {7411874C-D10C-4AF0-9F4E-53CD2C00CDC9}
	EndGlobalSection
EndGlobal
